// !$*UTF8*$!
{
	archiveVersion = 1;
	classes = {
	};
	objectVersion = 52;
	objects = {

/* Begin PBXBuildFile section */
		F8583AA726B5066C0067420F /* ExpenseView.swift in Sources */ = {isa = PBXBuildFile; fileRef = F8583AA626B5066C0067420F /* ExpenseView.swift */; };
		F8583AAE26B53F9B0067420F /* NetworkServices.swift in Sources */ = {isa = PBXBuildFile; fileRef = F8583AAB26B53F9B0067420F /* NetworkServices.swift */; };
		F8583AAF26B53F9B0067420F /* NetworkStatusHandler.swift in Sources */ = {isa = PBXBuildFile; fileRef = F8583AAC26B53F9B0067420F /* NetworkStatusHandler.swift */; };
		F8583AB026B53F9B0067420F /* Serializer.swift in Sources */ = {isa = PBXBuildFile; fileRef = F8583AAD26B53F9B0067420F /* Serializer.swift */; };
		F8583AB226B541420067420F /* CurrencyNetworkServices.swift in Sources */ = {isa = PBXBuildFile; fileRef = F8583AB126B541420067420F /* CurrencyNetworkServices.swift */; };
		F8583AB526B54B740067420F /* Environment.swift in Sources */ = {isa = PBXBuildFile; fileRef = F8583AB426B54B740067420F /* Environment.swift */; };
		F8583ABC26B54C320067420F /* NZCurrencyRate.swift in Sources */ = {isa = PBXBuildFile; fileRef = F8583ABB26B54C320067420F /* NZCurrencyRate.swift */; };
		F8583ABE26B55BD70067420F /* AppSettings.swift in Sources */ = {isa = PBXBuildFile; fileRef = F8583ABD26B55BD70067420F /* AppSettings.swift */; };
		F8583AC026B6388F0067420F /* SettingsIconView.swift in Sources */ = {isa = PBXBuildFile; fileRef = F8583ABF26B6388F0067420F /* SettingsIconView.swift */; };
		F8583AC326B691670067420F /* AppSettingsInitializer.swift in Sources */ = {isa = PBXBuildFile; fileRef = F8583AC226B691670067420F /* AppSettingsInitializer.swift */; };
		F8583AC626B6A88C0067420F /* CurrencyView.swift in Sources */ = {isa = PBXBuildFile; fileRef = F8583AC526B6A88C0067420F /* CurrencyView.swift */; };
		F8583AC826B6A8A70067420F /* CheckmarkModifier.swift in Sources */ = {isa = PBXBuildFile; fileRef = F8583AC726B6A8A70067420F /* CheckmarkModifier.swift */; };
		F8583ACA26B6C18A0067420F /* AmountConverter.swift in Sources */ = {isa = PBXBuildFile; fileRef = F8583AC926B6C18A0067420F /* AmountConverter.swift */; };
		F8583ACC26B7C4D70067420F /* CurrencyViewModel.swift in Sources */ = {isa = PBXBuildFile; fileRef = F8583ACB26B7C4D70067420F /* CurrencyViewModel.swift */; };
		F8583ACF26B7D4EA0067420F /* EmptyStateView.swift in Sources */ = {isa = PBXBuildFile; fileRef = F8583ACE26B7D4EA0067420F /* EmptyStateView.swift */; };
		F8583AD126B7E8140067420F /* SummaryView.swift in Sources */ = {isa = PBXBuildFile; fileRef = F8583AD026B7E8140067420F /* SummaryView.swift */; };
		F8583AD326B7F35C0067420F /* View+Builder.swift in Sources */ = {isa = PBXBuildFile; fileRef = F8583AD226B7F35C0067420F /* View+Builder.swift */; };
		F8583AD726B7F7C50067420F /* NetworkStatusHandlerTests.swift in Sources */ = {isa = PBXBuildFile; fileRef = F8583AD626B7F7C50067420F /* NetworkStatusHandlerTests.swift */; };
		F85FB42A26B3BEC0001508FE /* MainViewModel.swift in Sources */ = {isa = PBXBuildFile; fileRef = F85FB42926B3BEC0001508FE /* MainViewModel.swift */; };
		F8CA486D26AD297E005F5F19 /* BlityApp.swift in Sources */ = {isa = PBXBuildFile; fileRef = F8CA486C26AD297E005F5F19 /* BlityApp.swift */; };
		F8CA486F26AD297E005F5F19 /* MainView.swift in Sources */ = {isa = PBXBuildFile; fileRef = F8CA486E26AD297E005F5F19 /* MainView.swift */; };
		F8CA487126AD297E005F5F19 /* Assets.xcassets in Resources */ = {isa = PBXBuildFile; fileRef = F8CA487026AD297E005F5F19 /* Assets.xcassets */; };
		F8CA487426AD297E005F5F19 /* Preview Assets.xcassets in Resources */ = {isa = PBXBuildFile; fileRef = F8CA487326AD297E005F5F19 /* Preview Assets.xcassets */; };
		F8CA488A26AD297E005F5F19 /* BlityUITests.swift in Sources */ = {isa = PBXBuildFile; fileRef = F8CA488926AD297E005F5F19 /* BlityUITests.swift */; };
		F8CA489826AD2E70005F5F19 /* RectangleWithBottomCurve.swift in Sources */ = {isa = PBXBuildFile; fileRef = F8CA489726AD2E70005F5F19 /* RectangleWithBottomCurve.swift */; };
		F8CA489C26AD3780005F5F19 /* SummaryViewHeaderBackground.swift in Sources */ = {isa = PBXBuildFile; fileRef = F8CA489B26AD3780005F5F19 /* SummaryViewHeaderBackground.swift */; };
		F8CA489E26AD38A8005F5F19 /* ColorPalette.swift in Sources */ = {isa = PBXBuildFile; fileRef = F8CA489D26AD38A8005F5F19 /* ColorPalette.swift */; };
		F8CA48A526AD3DCE005F5F19 /* SummaryCategoryView.swift in Sources */ = {isa = PBXBuildFile; fileRef = F8CA48A426AD3DCE005F5F19 /* SummaryCategoryView.swift */; };
		F8CA48AA26AD43DD005F5F19 /* SummaryCategoryBudgetView.swift in Sources */ = {isa = PBXBuildFile; fileRef = F8CA48A926AD43DD005F5F19 /* SummaryCategoryBudgetView.swift */; };
		F8CA48AC26AD6D63005F5F19 /* Splitter.swift in Sources */ = {isa = PBXBuildFile; fileRef = F8CA48AB26AD6D63005F5F19 /* Splitter.swift */; };
		F8CA48B126AD7AD5005F5F19 /* Category.swift in Sources */ = {isa = PBXBuildFile; fileRef = F8CA48B026AD7AD5005F5F19 /* Category.swift */; };
		F8CA48B426AD7AEF005F5F19 /* CategoryExpenses.swift in Sources */ = {isa = PBXBuildFile; fileRef = F8CA48B326AD7AEF005F5F19 /* CategoryExpenses.swift */; };
		F8CA48B626AD8F97005F5F19 /* SummaryCategoryViewModel.swift in Sources */ = {isa = PBXBuildFile; fileRef = F8CA48B526AD8F97005F5F19 /* SummaryCategoryViewModel.swift */; };
		F8CA48B826ADA905005F5F19 /* CategoryBudget.swift in Sources */ = {isa = PBXBuildFile; fileRef = F8CA48B726ADA904005F5F19 /* CategoryBudget.swift */; };
		F8CA48BB26ADA932005F5F19 /* String+Utils.swift in Sources */ = {isa = PBXBuildFile; fileRef = F8CA48BA26ADA932005F5F19 /* String+Utils.swift */; };
		F8CA48C026AFBA7A005F5F19 /* ExpensesView.swift in Sources */ = {isa = PBXBuildFile; fileRef = F8CA48BF26AFBA7A005F5F19 /* ExpensesView.swift */; };
		F8CA48C226AFE180005F5F19 /* ExpenseEntryView.swift in Sources */ = {isa = PBXBuildFile; fileRef = F8CA48C126AFE180005F5F19 /* ExpenseEntryView.swift */; };
		F8ED5C4D26B0163500D46720 /* ExpenseEntryViewModel.swift in Sources */ = {isa = PBXBuildFile; fileRef = F8ED5C4C26B0163500D46720 /* ExpenseEntryViewModel.swift */; };
		F8ED5C4F26B0164400D46720 /* Currency.swift in Sources */ = {isa = PBXBuildFile; fileRef = F8ED5C4E26B0164400D46720 /* Currency.swift */; };
		F8ED5C5126B105CE00D46720 /* ExpenseCategoryHeaderView.swift in Sources */ = {isa = PBXBuildFile; fileRef = F8ED5C5026B105CE00D46720 /* ExpenseCategoryHeaderView.swift */; };
		F8ED5C5426B1066300D46720 /* Expense.swift in Sources */ = {isa = PBXBuildFile; fileRef = F8ED5C5326B1066300D46720 /* Expense.swift */; };
		F8ED5C5626B1073200D46720 /* ExpensesViewModel.swift in Sources */ = {isa = PBXBuildFile; fileRef = F8ED5C5526B1073200D46720 /* ExpensesViewModel.swift */; };
		F8ED5C5B26B181C900D46720 /* AmountFormatter.swift in Sources */ = {isa = PBXBuildFile; fileRef = F8ED5C5A26B181C900D46720 /* AmountFormatter.swift */; };
		F8ED5C5D26B1820B00D46720 /* Amount.swift in Sources */ = {isa = PBXBuildFile; fileRef = F8ED5C5C26B1820B00D46720 /* Amount.swift */; };
		F8ED5C6326B23C8700D46720 /* Realm in Frameworks */ = {isa = PBXBuildFile; productRef = F8ED5C6226B23C8700D46720 /* Realm */; };
		F8ED5C6526B23C8700D46720 /* RealmSwift in Frameworks */ = {isa = PBXBuildFile; productRef = F8ED5C6426B23C8700D46720 /* RealmSwift */; };
		F8ED5C6826B248AD00D46720 /* ExpenseObject.swift in Sources */ = {isa = PBXBuildFile; fileRef = F8ED5C6726B248AD00D46720 /* ExpenseObject.swift */; };
		F8ED5C6A26B248FB00D46720 /* Persistable.swift in Sources */ = {isa = PBXBuildFile; fileRef = F8ED5C6926B248FB00D46720 /* Persistable.swift */; };
		F8ED5C6C26B2B39600D46720 /* StorageManager.swift in Sources */ = {isa = PBXBuildFile; fileRef = F8ED5C6B26B2B39600D46720 /* StorageManager.swift */; };
/* End PBXBuildFile section */

/* Begin PBXContainerItemProxy section */
		F8CA487B26AD297E005F5F19 /* PBXContainerItemProxy */ = {
			isa = PBXContainerItemProxy;
			containerPortal = F8CA486126AD297D005F5F19 /* Project object */;
			proxyType = 1;
			remoteGlobalIDString = F8CA486826AD297E005F5F19;
			remoteInfo = Blity;
		};
		F8CA488626AD297E005F5F19 /* PBXContainerItemProxy */ = {
			isa = PBXContainerItemProxy;
			containerPortal = F8CA486126AD297D005F5F19 /* Project object */;
			proxyType = 1;
			remoteGlobalIDString = F8CA486826AD297E005F5F19;
			remoteInfo = Blity;
		};
/* End PBXContainerItemProxy section */

/* Begin PBXFileReference section */
		F8583AA626B5066C0067420F /* ExpenseView.swift */ = {isa = PBXFileReference; lastKnownFileType = sourcecode.swift; path = ExpenseView.swift; sourceTree = "<group>"; };
		F8583AAB26B53F9B0067420F /* NetworkServices.swift */ = {isa = PBXFileReference; fileEncoding = 4; lastKnownFileType = sourcecode.swift; path = NetworkServices.swift; sourceTree = "<group>"; };
		F8583AAC26B53F9B0067420F /* NetworkStatusHandler.swift */ = {isa = PBXFileReference; fileEncoding = 4; lastKnownFileType = sourcecode.swift; path = NetworkStatusHandler.swift; sourceTree = "<group>"; };
		F8583AAD26B53F9B0067420F /* Serializer.swift */ = {isa = PBXFileReference; fileEncoding = 4; lastKnownFileType = sourcecode.swift; path = Serializer.swift; sourceTree = "<group>"; };
		F8583AB126B541420067420F /* CurrencyNetworkServices.swift */ = {isa = PBXFileReference; lastKnownFileType = sourcecode.swift; path = CurrencyNetworkServices.swift; sourceTree = "<group>"; };
		F8583AB426B54B740067420F /* Environment.swift */ = {isa = PBXFileReference; lastKnownFileType = sourcecode.swift; path = Environment.swift; sourceTree = "<group>"; };
		F8583ABB26B54C320067420F /* NZCurrencyRate.swift */ = {isa = PBXFileReference; lastKnownFileType = sourcecode.swift; path = NZCurrencyRate.swift; sourceTree = "<group>"; };
		F8583ABD26B55BD70067420F /* AppSettings.swift */ = {isa = PBXFileReference; lastKnownFileType = sourcecode.swift; path = AppSettings.swift; sourceTree = "<group>"; };
		F8583ABF26B6388F0067420F /* SettingsIconView.swift */ = {isa = PBXFileReference; lastKnownFileType = sourcecode.swift; path = SettingsIconView.swift; sourceTree = "<group>"; };
		F8583AC226B691670067420F /* AppSettingsInitializer.swift */ = {isa = PBXFileReference; lastKnownFileType = sourcecode.swift; path = AppSettingsInitializer.swift; sourceTree = "<group>"; };
		F8583AC526B6A88C0067420F /* CurrencyView.swift */ = {isa = PBXFileReference; lastKnownFileType = sourcecode.swift; path = CurrencyView.swift; sourceTree = "<group>"; };
		F8583AC726B6A8A70067420F /* CheckmarkModifier.swift */ = {isa = PBXFileReference; lastKnownFileType = sourcecode.swift; path = CheckmarkModifier.swift; sourceTree = "<group>"; };
		F8583AC926B6C18A0067420F /* AmountConverter.swift */ = {isa = PBXFileReference; lastKnownFileType = sourcecode.swift; path = AmountConverter.swift; sourceTree = "<group>"; };
		F8583ACB26B7C4D70067420F /* CurrencyViewModel.swift */ = {isa = PBXFileReference; lastKnownFileType = sourcecode.swift; path = CurrencyViewModel.swift; sourceTree = "<group>"; };
		F8583ACE26B7D4EA0067420F /* EmptyStateView.swift */ = {isa = PBXFileReference; lastKnownFileType = sourcecode.swift; path = EmptyStateView.swift; sourceTree = "<group>"; };
		F8583AD026B7E8140067420F /* SummaryView.swift */ = {isa = PBXFileReference; lastKnownFileType = sourcecode.swift; path = SummaryView.swift; sourceTree = "<group>"; };
		F8583AD226B7F35C0067420F /* View+Builder.swift */ = {isa = PBXFileReference; lastKnownFileType = sourcecode.swift; path = "View+Builder.swift"; sourceTree = "<group>"; };
		F8583AD626B7F7C50067420F /* NetworkStatusHandlerTests.swift */ = {isa = PBXFileReference; fileEncoding = 4; lastKnownFileType = sourcecode.swift; path = NetworkStatusHandlerTests.swift; sourceTree = "<group>"; };
		F85FB42926B3BEC0001508FE /* MainViewModel.swift */ = {isa = PBXFileReference; lastKnownFileType = sourcecode.swift; path = MainViewModel.swift; sourceTree = "<group>"; };
		F8CA486926AD297E005F5F19 /* Blity.app */ = {isa = PBXFileReference; explicitFileType = wrapper.application; includeInIndex = 0; path = Blity.app; sourceTree = BUILT_PRODUCTS_DIR; };
		F8CA486C26AD297E005F5F19 /* BlityApp.swift */ = {isa = PBXFileReference; lastKnownFileType = sourcecode.swift; path = BlityApp.swift; sourceTree = "<group>"; };
		F8CA486E26AD297E005F5F19 /* MainView.swift */ = {isa = PBXFileReference; lastKnownFileType = sourcecode.swift; path = MainView.swift; sourceTree = "<group>"; };
		F8CA487026AD297E005F5F19 /* Assets.xcassets */ = {isa = PBXFileReference; lastKnownFileType = folder.assetcatalog; path = Assets.xcassets; sourceTree = "<group>"; };
		F8CA487326AD297E005F5F19 /* Preview Assets.xcassets */ = {isa = PBXFileReference; lastKnownFileType = folder.assetcatalog; path = "Preview Assets.xcassets"; sourceTree = "<group>"; };
		F8CA487526AD297E005F5F19 /* Info.plist */ = {isa = PBXFileReference; lastKnownFileType = text.plist.xml; path = Info.plist; sourceTree = "<group>"; };
		F8CA487A26AD297E005F5F19 /* BlityTests.xctest */ = {isa = PBXFileReference; explicitFileType = wrapper.cfbundle; includeInIndex = 0; path = BlityTests.xctest; sourceTree = BUILT_PRODUCTS_DIR; };
		F8CA488026AD297E005F5F19 /* Info.plist */ = {isa = PBXFileReference; lastKnownFileType = text.plist.xml; path = Info.plist; sourceTree = "<group>"; };
		F8CA488526AD297E005F5F19 /* BlityUITests.xctest */ = {isa = PBXFileReference; explicitFileType = wrapper.cfbundle; includeInIndex = 0; path = BlityUITests.xctest; sourceTree = BUILT_PRODUCTS_DIR; };
		F8CA488926AD297E005F5F19 /* BlityUITests.swift */ = {isa = PBXFileReference; lastKnownFileType = sourcecode.swift; path = BlityUITests.swift; sourceTree = "<group>"; };
		F8CA488B26AD297E005F5F19 /* Info.plist */ = {isa = PBXFileReference; lastKnownFileType = text.plist.xml; path = Info.plist; sourceTree = "<group>"; };
		F8CA489726AD2E70005F5F19 /* RectangleWithBottomCurve.swift */ = {isa = PBXFileReference; lastKnownFileType = sourcecode.swift; path = RectangleWithBottomCurve.swift; sourceTree = "<group>"; };
		F8CA489B26AD3780005F5F19 /* SummaryViewHeaderBackground.swift */ = {isa = PBXFileReference; lastKnownFileType = sourcecode.swift; path = SummaryViewHeaderBackground.swift; sourceTree = "<group>"; };
		F8CA489D26AD38A8005F5F19 /* ColorPalette.swift */ = {isa = PBXFileReference; lastKnownFileType = sourcecode.swift; path = ColorPalette.swift; sourceTree = "<group>"; };
		F8CA48A426AD3DCE005F5F19 /* SummaryCategoryView.swift */ = {isa = PBXFileReference; lastKnownFileType = sourcecode.swift; path = SummaryCategoryView.swift; sourceTree = "<group>"; };
		F8CA48A926AD43DD005F5F19 /* SummaryCategoryBudgetView.swift */ = {isa = PBXFileReference; lastKnownFileType = sourcecode.swift; path = SummaryCategoryBudgetView.swift; sourceTree = "<group>"; };
		F8CA48AB26AD6D63005F5F19 /* Splitter.swift */ = {isa = PBXFileReference; lastKnownFileType = sourcecode.swift; path = Splitter.swift; sourceTree = "<group>"; };
		F8CA48B026AD7AD5005F5F19 /* Category.swift */ = {isa = PBXFileReference; lastKnownFileType = sourcecode.swift; path = Category.swift; sourceTree = "<group>"; };
		F8CA48B326AD7AEF005F5F19 /* CategoryExpenses.swift */ = {isa = PBXFileReference; lastKnownFileType = sourcecode.swift; path = CategoryExpenses.swift; sourceTree = "<group>"; };
		F8CA48B526AD8F97005F5F19 /* SummaryCategoryViewModel.swift */ = {isa = PBXFileReference; lastKnownFileType = sourcecode.swift; path = SummaryCategoryViewModel.swift; sourceTree = "<group>"; };
		F8CA48B726ADA904005F5F19 /* CategoryBudget.swift */ = {isa = PBXFileReference; lastKnownFileType = sourcecode.swift; path = CategoryBudget.swift; sourceTree = "<group>"; };
		F8CA48BA26ADA932005F5F19 /* String+Utils.swift */ = {isa = PBXFileReference; lastKnownFileType = sourcecode.swift; path = "String+Utils.swift"; sourceTree = "<group>"; };
		F8CA48BF26AFBA7A005F5F19 /* ExpensesView.swift */ = {isa = PBXFileReference; lastKnownFileType = sourcecode.swift; path = ExpensesView.swift; sourceTree = "<group>"; };
		F8CA48C126AFE180005F5F19 /* ExpenseEntryView.swift */ = {isa = PBXFileReference; lastKnownFileType = sourcecode.swift; path = ExpenseEntryView.swift; sourceTree = "<group>"; };
		F8ED5C4C26B0163500D46720 /* ExpenseEntryViewModel.swift */ = {isa = PBXFileReference; lastKnownFileType = sourcecode.swift; path = ExpenseEntryViewModel.swift; sourceTree = "<group>"; };
		F8ED5C4E26B0164400D46720 /* Currency.swift */ = {isa = PBXFileReference; lastKnownFileType = sourcecode.swift; path = Currency.swift; sourceTree = "<group>"; };
		F8ED5C5026B105CE00D46720 /* ExpenseCategoryHeaderView.swift */ = {isa = PBXFileReference; lastKnownFileType = sourcecode.swift; path = ExpenseCategoryHeaderView.swift; sourceTree = "<group>"; };
		F8ED5C5326B1066300D46720 /* Expense.swift */ = {isa = PBXFileReference; lastKnownFileType = sourcecode.swift; path = Expense.swift; sourceTree = "<group>"; };
		F8ED5C5526B1073200D46720 /* ExpensesViewModel.swift */ = {isa = PBXFileReference; lastKnownFileType = sourcecode.swift; path = ExpensesViewModel.swift; sourceTree = "<group>"; };
		F8ED5C5A26B181C900D46720 /* AmountFormatter.swift */ = {isa = PBXFileReference; lastKnownFileType = sourcecode.swift; path = AmountFormatter.swift; sourceTree = "<group>"; };
		F8ED5C5C26B1820B00D46720 /* Amount.swift */ = {isa = PBXFileReference; lastKnownFileType = sourcecode.swift; path = Amount.swift; sourceTree = "<group>"; };
		F8ED5C6726B248AD00D46720 /* ExpenseObject.swift */ = {isa = PBXFileReference; lastKnownFileType = sourcecode.swift; path = ExpenseObject.swift; sourceTree = "<group>"; };
		F8ED5C6926B248FB00D46720 /* Persistable.swift */ = {isa = PBXFileReference; lastKnownFileType = sourcecode.swift; path = Persistable.swift; sourceTree = "<group>"; };
		F8ED5C6B26B2B39600D46720 /* StorageManager.swift */ = {isa = PBXFileReference; lastKnownFileType = sourcecode.swift; path = StorageManager.swift; sourceTree = "<group>"; };
/* End PBXFileReference section */

/* Begin PBXFrameworksBuildPhase section */
		F8CA486626AD297E005F5F19 /* Frameworks */ = {
			isa = PBXFrameworksBuildPhase;
			buildActionMask = 2147483647;
			files = (
				F8ED5C6526B23C8700D46720 /* RealmSwift in Frameworks */,
				F8ED5C6326B23C8700D46720 /* Realm in Frameworks */,
			);
			runOnlyForDeploymentPostprocessing = 0;
		};
		F8CA487726AD297E005F5F19 /* Frameworks */ = {
			isa = PBXFrameworksBuildPhase;
			buildActionMask = 2147483647;
			files = (
			);
			runOnlyForDeploymentPostprocessing = 0;
		};
		F8CA488226AD297E005F5F19 /* Frameworks */ = {
			isa = PBXFrameworksBuildPhase;
			buildActionMask = 2147483647;
			files = (
			);
			runOnlyForDeploymentPostprocessing = 0;
		};
/* End PBXFrameworksBuildPhase section */

/* Begin PBXGroup section */
		F8583AA826B522F40067420F /* ExpenseView */ = {
			isa = PBXGroup;
			children = (
				F8583AA626B5066C0067420F /* ExpenseView.swift */,
			);
			path = ExpenseView;
			sourceTree = "<group>";
		};
		F8583AA926B53F9B0067420F /* Network */ = {
			isa = PBXGroup;
			children = (
				F8583ABA26B54C270067420F /* Data */,
				F8583AB626B54B820067420F /* Services */,
				F8583AAA26B53F9B0067420F /* Core */,
			);
			path = Network;
			sourceTree = "<group>";
		};
		F8583AAA26B53F9B0067420F /* Core */ = {
			isa = PBXGroup;
			children = (
				F8583AAB26B53F9B0067420F /* NetworkServices.swift */,
				F8583AAC26B53F9B0067420F /* NetworkStatusHandler.swift */,
				F8583AAD26B53F9B0067420F /* Serializer.swift */,
			);
			path = Core;
			sourceTree = "<group>";
		};
		F8583AB326B54B610067420F /* Environments */ = {
			isa = PBXGroup;
			children = (
				F8583AB426B54B740067420F /* Environment.swift */,
			);
			path = Environments;
			sourceTree = "<group>";
		};
		F8583AB626B54B820067420F /* Services */ = {
			isa = PBXGroup;
			children = (
				F8583AB126B541420067420F /* CurrencyNetworkServices.swift */,
			);
			path = Services;
			sourceTree = "<group>";
		};
		F8583AB726B54B8A0067420F /* DataLayer */ = {
			isa = PBXGroup;
			children = (
				F8583AA926B53F9B0067420F /* Network */,
				F8ED5C6626B2489B00D46720 /* Storage */,
			);
			path = DataLayer;
			sourceTree = "<group>";
		};
		F8583AB826B54BAA0067420F /* Shared */ = {
			isa = PBXGroup;
			children = (
				F8583AC126B6915B0067420F /* Settings */,
				F8583AB326B54B610067420F /* Environments */,
				F8583AB926B54BC00067420F /* UI */,
				F8ED5C5926B181B500D46720 /* Utils */,
				F8CA48B926ADA922005F5F19 /* Extensions */,
			);
			path = Shared;
			sourceTree = "<group>";
		};
		F8583AB926B54BC00067420F /* UI */ = {
			isa = PBXGroup;
			children = (
				F8CA489D26AD38A8005F5F19 /* ColorPalette.swift */,
			);
			path = UI;
			sourceTree = "<group>";
		};
		F8583ABA26B54C270067420F /* Data */ = {
			isa = PBXGroup;
			children = (
				F8583ABB26B54C320067420F /* NZCurrencyRate.swift */,
			);
			path = Data;
			sourceTree = "<group>";
		};
		F8583AC126B6915B0067420F /* Settings */ = {
			isa = PBXGroup;
			children = (
				F8583ABD26B55BD70067420F /* AppSettings.swift */,
				F8583AC226B691670067420F /* AppSettingsInitializer.swift */,
			);
			path = Settings;
			sourceTree = "<group>";
		};
		F8583AC426B6A8740067420F /* Currency */ = {
			isa = PBXGroup;
			children = (
				F8583AC526B6A88C0067420F /* CurrencyView.swift */,
				F8583AC726B6A8A70067420F /* CheckmarkModifier.swift */,
				F8583ACB26B7C4D70067420F /* CurrencyViewModel.swift */,
			);
			path = Currency;
			sourceTree = "<group>";
		};
		F8583ACD26B7D4D70067420F /* EmptyState */ = {
			isa = PBXGroup;
			children = (
				F8583ACE26B7D4EA0067420F /* EmptyStateView.swift */,
			);
			path = EmptyState;
			sourceTree = "<group>";
		};
		F85FB42B26B40CBE001508FE /* EntryView */ = {
			isa = PBXGroup;
			children = (
				F8CA48C126AFE180005F5F19 /* ExpenseEntryView.swift */,
				F8ED5C4C26B0163500D46720 /* ExpenseEntryViewModel.swift */,
			);
			path = EntryView;
			sourceTree = "<group>";
		};
		F8CA486026AD297D005F5F19 = {
			isa = PBXGroup;
			children = (
				F8CA486B26AD297E005F5F19 /* Blity */,
				F8CA487D26AD297E005F5F19 /* BlityTests */,
				F8CA488826AD297E005F5F19 /* BlityUITests */,
				F8CA486A26AD297E005F5F19 /* Products */,
			);
			sourceTree = "<group>";
		};
		F8CA486A26AD297E005F5F19 /* Products */ = {
			isa = PBXGroup;
			children = (
				F8CA486926AD297E005F5F19 /* Blity.app */,
				F8CA487A26AD297E005F5F19 /* BlityTests.xctest */,
				F8CA488526AD297E005F5F19 /* BlityUITests.xctest */,
			);
			name = Products;
			sourceTree = "<group>";
		};
		F8CA486B26AD297E005F5F19 /* Blity */ = {
			isa = PBXGroup;
			children = (
				F8583AB826B54BAA0067420F /* Shared */,
				F8583AB726B54B8A0067420F /* DataLayer */,
				F8CA489F26AD3A10005F5F19 /* Views */,
				F8CA486C26AD297E005F5F19 /* BlityApp.swift */,
				F8CA487026AD297E005F5F19 /* Assets.xcassets */,
				F8CA487526AD297E005F5F19 /* Info.plist */,
				F8CA487226AD297E005F5F19 /* Preview Content */,
			);
			path = Blity;
			sourceTree = "<group>";
		};
		F8CA487226AD297E005F5F19 /* Preview Content */ = {
			isa = PBXGroup;
			children = (
				F8CA487326AD297E005F5F19 /* Preview Assets.xcassets */,
			);
			path = "Preview Content";
			sourceTree = "<group>";
		};
		F8CA487D26AD297E005F5F19 /* BlityTests */ = {
			isa = PBXGroup;
			children = (
				F8583AD626B7F7C50067420F /* NetworkStatusHandlerTests.swift */,
				F8CA488026AD297E005F5F19 /* Info.plist */,
			);
			path = BlityTests;
			sourceTree = "<group>";
		};
		F8CA488826AD297E005F5F19 /* BlityUITests */ = {
			isa = PBXGroup;
			children = (
				F8CA488926AD297E005F5F19 /* BlityUITests.swift */,
				F8CA488B26AD297E005F5F19 /* Info.plist */,
			);
			path = BlityUITests;
			sourceTree = "<group>";
		};
		F8CA489F26AD3A10005F5F19 /* Views */ = {
			isa = PBXGroup;
			children = (
				F8CA48AE26AD79C1005F5F19 /* MainView */,
				F8583ACD26B7D4D70067420F /* EmptyState */,
				F8CA48A026AD3A16005F5F19 /* Summary */,
				F8CA48BC26AFBA43005F5F19 /* Expenses */,
			);
			path = Views;
			sourceTree = "<group>";
		};
		F8CA48A026AD3A16005F5F19 /* Summary */ = {
			isa = PBXGroup;
			children = (
				F8583AC426B6A8740067420F /* Currency */,
				F8CA48AD26AD798F005F5F19 /* Category */,
				F8583AD026B7E8140067420F /* SummaryView.swift */,
			);
			path = Summary;
			sourceTree = "<group>";
		};
		F8CA48AD26AD798F005F5F19 /* Category */ = {
			isa = PBXGroup;
			children = (
				F8CA48AF26AD7AC8005F5F19 /* Data */,
				F8CA48AB26AD6D63005F5F19 /* Splitter.swift */,
				F8CA48A426AD3DCE005F5F19 /* SummaryCategoryView.swift */,
				F8CA48A926AD43DD005F5F19 /* SummaryCategoryBudgetView.swift */,
				F8CA48B526AD8F97005F5F19 /* SummaryCategoryViewModel.swift */,
			);
			path = Category;
			sourceTree = "<group>";
		};
		F8CA48AE26AD79C1005F5F19 /* MainView */ = {
			isa = PBXGroup;
			children = (
				F85FB42926B3BEC0001508FE /* MainViewModel.swift */,
				F8CA486E26AD297E005F5F19 /* MainView.swift */,
				F8CA489726AD2E70005F5F19 /* RectangleWithBottomCurve.swift */,
				F8CA489B26AD3780005F5F19 /* SummaryViewHeaderBackground.swift */,
				F8583ABF26B6388F0067420F /* SettingsIconView.swift */,
			);
			path = MainView;
			sourceTree = "<group>";
		};
		F8CA48AF26AD7AC8005F5F19 /* Data */ = {
			isa = PBXGroup;
			children = (
				F8CA48B026AD7AD5005F5F19 /* Category.swift */,
				F8CA48B326AD7AEF005F5F19 /* CategoryExpenses.swift */,
				F8CA48B726ADA904005F5F19 /* CategoryBudget.swift */,
				F8ED5C4E26B0164400D46720 /* Currency.swift */,
			);
			path = Data;
			sourceTree = "<group>";
		};
		F8CA48B926ADA922005F5F19 /* Extensions */ = {
			isa = PBXGroup;
			children = (
				F8CA48BA26ADA932005F5F19 /* String+Utils.swift */,
				F8583AD226B7F35C0067420F /* View+Builder.swift */,
			);
			path = Extensions;
			sourceTree = "<group>";
		};
		F8CA48BC26AFBA43005F5F19 /* Expenses */ = {
			isa = PBXGroup;
			children = (
				F8ED5C5226B1064F00D46720 /* Data */,
				F8583AA826B522F40067420F /* ExpenseView */,
				F85FB42B26B40CBE001508FE /* EntryView */,
				F8CA48BF26AFBA7A005F5F19 /* ExpensesView.swift */,
				F8ED5C5026B105CE00D46720 /* ExpenseCategoryHeaderView.swift */,
				F8ED5C5526B1073200D46720 /* ExpensesViewModel.swift */,
			);
			path = Expenses;
			sourceTree = "<group>";
		};
		F8ED5C5226B1064F00D46720 /* Data */ = {
			isa = PBXGroup;
			children = (
				F8ED5C5326B1066300D46720 /* Expense.swift */,
				F8ED5C5C26B1820B00D46720 /* Amount.swift */,
			);
			path = Data;
			sourceTree = "<group>";
		};
		F8ED5C5926B181B500D46720 /* Utils */ = {
			isa = PBXGroup;
			children = (
				F8ED5C5A26B181C900D46720 /* AmountFormatter.swift */,
				F8583AC926B6C18A0067420F /* AmountConverter.swift */,
			);
			path = Utils;
			sourceTree = "<group>";
		};
		F8ED5C6626B2489B00D46720 /* Storage */ = {
			isa = PBXGroup;
			children = (
				F8ED5C6726B248AD00D46720 /* ExpenseObject.swift */,
				F8ED5C6926B248FB00D46720 /* Persistable.swift */,
				F8ED5C6B26B2B39600D46720 /* StorageManager.swift */,
			);
			path = Storage;
			sourceTree = "<group>";
		};
/* End PBXGroup section */

/* Begin PBXNativeTarget section */
		F8CA486826AD297E005F5F19 /* Blity */ = {
			isa = PBXNativeTarget;
			buildConfigurationList = F8CA488E26AD297E005F5F19 /* Build configuration list for PBXNativeTarget "Blity" */;
			buildPhases = (
				F8CA486526AD297E005F5F19 /* Sources */,
				F8CA486626AD297E005F5F19 /* Frameworks */,
				F8CA486726AD297E005F5F19 /* Resources */,
			);
			buildRules = (
			);
			dependencies = (
			);
			name = Blity;
			packageProductDependencies = (
				F8ED5C6226B23C8700D46720 /* Realm */,
				F8ED5C6426B23C8700D46720 /* RealmSwift */,
			);
			productName = Blity;
			productReference = F8CA486926AD297E005F5F19 /* Blity.app */;
			productType = "com.apple.product-type.application";
		};
		F8CA487926AD297E005F5F19 /* BlityTests */ = {
			isa = PBXNativeTarget;
			buildConfigurationList = F8CA489126AD297E005F5F19 /* Build configuration list for PBXNativeTarget "BlityTests" */;
			buildPhases = (
				F8CA487626AD297E005F5F19 /* Sources */,
				F8CA487726AD297E005F5F19 /* Frameworks */,
				F8CA487826AD297E005F5F19 /* Resources */,
			);
			buildRules = (
			);
			dependencies = (
				F8CA487C26AD297E005F5F19 /* PBXTargetDependency */,
			);
			name = BlityTests;
			productName = BlityTests;
			productReference = F8CA487A26AD297E005F5F19 /* BlityTests.xctest */;
			productType = "com.apple.product-type.bundle.unit-test";
		};
		F8CA488426AD297E005F5F19 /* BlityUITests */ = {
			isa = PBXNativeTarget;
			buildConfigurationList = F8CA489426AD297E005F5F19 /* Build configuration list for PBXNativeTarget "BlityUITests" */;
			buildPhases = (
				F8CA488126AD297E005F5F19 /* Sources */,
				F8CA488226AD297E005F5F19 /* Frameworks */,
				F8CA488326AD297E005F5F19 /* Resources */,
			);
			buildRules = (
			);
			dependencies = (
				F8CA488726AD297E005F5F19 /* PBXTargetDependency */,
			);
			name = BlityUITests;
			productName = BlityUITests;
			productReference = F8CA488526AD297E005F5F19 /* BlityUITests.xctest */;
			productType = "com.apple.product-type.bundle.ui-testing";
		};
/* End PBXNativeTarget section */

/* Begin PBXProject section */
		F8CA486126AD297D005F5F19 /* Project object */ = {
			isa = PBXProject;
			attributes = {
				LastSwiftUpdateCheck = 1250;
				LastUpgradeCheck = 1250;
				TargetAttributes = {
					F8CA486826AD297E005F5F19 = {
						CreatedOnToolsVersion = 12.5.1;
					};
					F8CA487926AD297E005F5F19 = {
						CreatedOnToolsVersion = 12.5.1;
						TestTargetID = F8CA486826AD297E005F5F19;
					};
					F8CA488426AD297E005F5F19 = {
						CreatedOnToolsVersion = 12.5.1;
						TestTargetID = F8CA486826AD297E005F5F19;
					};
				};
			};
			buildConfigurationList = F8CA486426AD297D005F5F19 /* Build configuration list for PBXProject "Blity" */;
			compatibilityVersion = "Xcode 9.3";
			developmentRegion = en;
			hasScannedForEncodings = 0;
			knownRegions = (
				en,
				Base,
			);
			mainGroup = F8CA486026AD297D005F5F19;
			packageReferences = (
				F8ED5C6126B23C8700D46720 /* XCRemoteSwiftPackageReference "realm-cocoa" */,
			);
			productRefGroup = F8CA486A26AD297E005F5F19 /* Products */;
			projectDirPath = "";
			projectRoot = "";
			targets = (
				F8CA486826AD297E005F5F19 /* Blity */,
				F8CA487926AD297E005F5F19 /* BlityTests */,
				F8CA488426AD297E005F5F19 /* BlityUITests */,
			);
		};
/* End PBXProject section */

/* Begin PBXResourcesBuildPhase section */
		F8CA486726AD297E005F5F19 /* Resources */ = {
			isa = PBXResourcesBuildPhase;
			buildActionMask = 2147483647;
			files = (
				F8CA487426AD297E005F5F19 /* Preview Assets.xcassets in Resources */,
				F8CA487126AD297E005F5F19 /* Assets.xcassets in Resources */,
			);
			runOnlyForDeploymentPostprocessing = 0;
		};
		F8CA487826AD297E005F5F19 /* Resources */ = {
			isa = PBXResourcesBuildPhase;
			buildActionMask = 2147483647;
			files = (
			);
			runOnlyForDeploymentPostprocessing = 0;
		};
		F8CA488326AD297E005F5F19 /* Resources */ = {
			isa = PBXResourcesBuildPhase;
			buildActionMask = 2147483647;
			files = (
			);
			runOnlyForDeploymentPostprocessing = 0;
		};
/* End PBXResourcesBuildPhase section */

/* Begin PBXSourcesBuildPhase section */
		F8CA486526AD297E005F5F19 /* Sources */ = {
			isa = PBXSourcesBuildPhase;
			buildActionMask = 2147483647;
			files = (
				F8CA48B426AD7AEF005F5F19 /* CategoryExpenses.swift in Sources */,
				F8583ACC26B7C4D70067420F /* CurrencyViewModel.swift in Sources */,
				F8583AB526B54B740067420F /* Environment.swift in Sources */,
				F8CA489E26AD38A8005F5F19 /* ColorPalette.swift in Sources */,
				F8583AAF26B53F9B0067420F /* NetworkStatusHandler.swift in Sources */,
				F8583AC626B6A88C0067420F /* CurrencyView.swift in Sources */,
				F8583AA726B5066C0067420F /* ExpenseView.swift in Sources */,
				F8ED5C6C26B2B39600D46720 /* StorageManager.swift in Sources */,
				F8CA48A526AD3DCE005F5F19 /* SummaryCategoryView.swift in Sources */,
				F8583ABE26B55BD70067420F /* AppSettings.swift in Sources */,
				F8CA48BB26ADA932005F5F19 /* String+Utils.swift in Sources */,
				F8CA489C26AD3780005F5F19 /* SummaryViewHeaderBackground.swift in Sources */,
				F8ED5C5626B1073200D46720 /* ExpensesViewModel.swift in Sources */,
				F85FB42A26B3BEC0001508FE /* MainViewModel.swift in Sources */,
				F8CA48B626AD8F97005F5F19 /* SummaryCategoryViewModel.swift in Sources */,
				F8583ACF26B7D4EA0067420F /* EmptyStateView.swift in Sources */,
				F8ED5C5126B105CE00D46720 /* ExpenseCategoryHeaderView.swift in Sources */,
				F8583AD326B7F35C0067420F /* View+Builder.swift in Sources */,
				F8CA486F26AD297E005F5F19 /* MainView.swift in Sources */,
				F8CA489826AD2E70005F5F19 /* RectangleWithBottomCurve.swift in Sources */,
				F8CA48B126AD7AD5005F5F19 /* Category.swift in Sources */,
				F8583AC326B691670067420F /* AppSettingsInitializer.swift in Sources */,
				F8CA48B826ADA905005F5F19 /* CategoryBudget.swift in Sources */,
				F8583AC826B6A8A70067420F /* CheckmarkModifier.swift in Sources */,
				F8CA48C226AFE180005F5F19 /* ExpenseEntryView.swift in Sources */,
				F8ED5C4D26B0163500D46720 /* ExpenseEntryViewModel.swift in Sources */,
				F8CA48AA26AD43DD005F5F19 /* SummaryCategoryBudgetView.swift in Sources */,
				F8583AB026B53F9B0067420F /* Serializer.swift in Sources */,
				F8583AAE26B53F9B0067420F /* NetworkServices.swift in Sources */,
				F8ED5C5B26B181C900D46720 /* AmountFormatter.swift in Sources */,
				F8583AD126B7E8140067420F /* SummaryView.swift in Sources */,
				F8583ACA26B6C18A0067420F /* AmountConverter.swift in Sources */,
				F8583ABC26B54C320067420F /* NZCurrencyRate.swift in Sources */,
				F8ED5C6826B248AD00D46720 /* ExpenseObject.swift in Sources */,
				F8ED5C4F26B0164400D46720 /* Currency.swift in Sources */,
				F8ED5C6A26B248FB00D46720 /* Persistable.swift in Sources */,
				F8583AC026B6388F0067420F /* SettingsIconView.swift in Sources */,
				F8ED5C5D26B1820B00D46720 /* Amount.swift in Sources */,
				F8CA486D26AD297E005F5F19 /* BlityApp.swift in Sources */,
				F8CA48AC26AD6D63005F5F19 /* Splitter.swift in Sources */,
				F8ED5C5426B1066300D46720 /* Expense.swift in Sources */,
				F8583AB226B541420067420F /* CurrencyNetworkServices.swift in Sources */,
				F8CA48C026AFBA7A005F5F19 /* ExpensesView.swift in Sources */,
			);
			runOnlyForDeploymentPostprocessing = 0;
		};
		F8CA487626AD297E005F5F19 /* Sources */ = {
			isa = PBXSourcesBuildPhase;
			buildActionMask = 2147483647;
			files = (
				F8583AD726B7F7C50067420F /* NetworkStatusHandlerTests.swift in Sources */,
			);
			runOnlyForDeploymentPostprocessing = 0;
		};
		F8CA488126AD297E005F5F19 /* Sources */ = {
			isa = PBXSourcesBuildPhase;
			buildActionMask = 2147483647;
			files = (
				F8CA488A26AD297E005F5F19 /* BlityUITests.swift in Sources */,
			);
			runOnlyForDeploymentPostprocessing = 0;
		};
/* End PBXSourcesBuildPhase section */

/* Begin PBXTargetDependency section */
		F8CA487C26AD297E005F5F19 /* PBXTargetDependency */ = {
			isa = PBXTargetDependency;
			target = F8CA486826AD297E005F5F19 /* Blity */;
			targetProxy = F8CA487B26AD297E005F5F19 /* PBXContainerItemProxy */;
		};
		F8CA488726AD297E005F5F19 /* PBXTargetDependency */ = {
			isa = PBXTargetDependency;
			target = F8CA486826AD297E005F5F19 /* Blity */;
			targetProxy = F8CA488626AD297E005F5F19 /* PBXContainerItemProxy */;
		};
/* End PBXTargetDependency section */

/* Begin XCBuildConfiguration section */
		F8CA488C26AD297E005F5F19 /* Debug */ = {
			isa = XCBuildConfiguration;
			buildSettings = {
				ALWAYS_SEARCH_USER_PATHS = NO;
				CLANG_ANALYZER_NONNULL = YES;
				CLANG_ANALYZER_NUMBER_OBJECT_CONVERSION = YES_AGGRESSIVE;
				CLANG_CXX_LANGUAGE_STANDARD = "gnu++14";
				CLANG_CXX_LIBRARY = "libc++";
				CLANG_ENABLE_MODULES = YES;
				CLANG_ENABLE_OBJC_ARC = YES;
				CLANG_ENABLE_OBJC_WEAK = YES;
				CLANG_WARN_BLOCK_CAPTURE_AUTORELEASING = YES;
				CLANG_WARN_BOOL_CONVERSION = YES;
				CLANG_WARN_COMMA = YES;
				CLANG_WARN_CONSTANT_CONVERSION = YES;
				CLANG_WARN_DEPRECATED_OBJC_IMPLEMENTATIONS = YES;
				CLANG_WARN_DIRECT_OBJC_ISA_USAGE = YES_ERROR;
				CLANG_WARN_DOCUMENTATION_COMMENTS = YES;
				CLANG_WARN_EMPTY_BODY = YES;
				CLANG_WARN_ENUM_CONVERSION = YES;
				CLANG_WARN_INFINITE_RECURSION = YES;
				CLANG_WARN_INT_CONVERSION = YES;
				CLANG_WARN_NON_LITERAL_NULL_CONVERSION = YES;
				CLANG_WARN_OBJC_IMPLICIT_RETAIN_SELF = YES;
				CLANG_WARN_OBJC_LITERAL_CONVERSION = YES;
				CLANG_WARN_OBJC_ROOT_CLASS = YES_ERROR;
				CLANG_WARN_QUOTED_INCLUDE_IN_FRAMEWORK_HEADER = YES;
				CLANG_WARN_RANGE_LOOP_ANALYSIS = YES;
				CLANG_WARN_STRICT_PROTOTYPES = YES;
				CLANG_WARN_SUSPICIOUS_MOVE = YES;
				CLANG_WARN_UNGUARDED_AVAILABILITY = YES_AGGRESSIVE;
				CLANG_WARN_UNREACHABLE_CODE = YES;
				CLANG_WARN__DUPLICATE_METHOD_MATCH = YES;
				COPY_PHASE_STRIP = NO;
				DEBUG_INFORMATION_FORMAT = dwarf;
				ENABLE_STRICT_OBJC_MSGSEND = YES;
				ENABLE_TESTABILITY = YES;
				GCC_C_LANGUAGE_STANDARD = gnu11;
				GCC_DYNAMIC_NO_PIC = NO;
				GCC_NO_COMMON_BLOCKS = YES;
				GCC_OPTIMIZATION_LEVEL = 0;
				GCC_PREPROCESSOR_DEFINITIONS = (
					"DEBUG=1",
					"$(inherited)",
				);
				GCC_WARN_64_TO_32_BIT_CONVERSION = YES;
				GCC_WARN_ABOUT_RETURN_TYPE = YES_ERROR;
				GCC_WARN_UNDECLARED_SELECTOR = YES;
				GCC_WARN_UNINITIALIZED_AUTOS = YES_AGGRESSIVE;
				GCC_WARN_UNUSED_FUNCTION = YES;
				GCC_WARN_UNUSED_VARIABLE = YES;
				IPHONEOS_DEPLOYMENT_TARGET = 14.5;
				MTL_ENABLE_DEBUG_INFO = INCLUDE_SOURCE;
				MTL_FAST_MATH = YES;
				ONLY_ACTIVE_ARCH = YES;
				SDKROOT = iphoneos;
				SWIFT_ACTIVE_COMPILATION_CONDITIONS = DEBUG;
				SWIFT_OPTIMIZATION_LEVEL = "-Onone";
			};
			name = Debug;
		};
		F8CA488D26AD297E005F5F19 /* Release */ = {
			isa = XCBuildConfiguration;
			buildSettings = {
				ALWAYS_SEARCH_USER_PATHS = NO;
				CLANG_ANALYZER_NONNULL = YES;
				CLANG_ANALYZER_NUMBER_OBJECT_CONVERSION = YES_AGGRESSIVE;
				CLANG_CXX_LANGUAGE_STANDARD = "gnu++14";
				CLANG_CXX_LIBRARY = "libc++";
				CLANG_ENABLE_MODULES = YES;
				CLANG_ENABLE_OBJC_ARC = YES;
				CLANG_ENABLE_OBJC_WEAK = YES;
				CLANG_WARN_BLOCK_CAPTURE_AUTORELEASING = YES;
				CLANG_WARN_BOOL_CONVERSION = YES;
				CLANG_WARN_COMMA = YES;
				CLANG_WARN_CONSTANT_CONVERSION = YES;
				CLANG_WARN_DEPRECATED_OBJC_IMPLEMENTATIONS = YES;
				CLANG_WARN_DIRECT_OBJC_ISA_USAGE = YES_ERROR;
				CLANG_WARN_DOCUMENTATION_COMMENTS = YES;
				CLANG_WARN_EMPTY_BODY = YES;
				CLANG_WARN_ENUM_CONVERSION = YES;
				CLANG_WARN_INFINITE_RECURSION = YES;
				CLANG_WARN_INT_CONVERSION = YES;
				CLANG_WARN_NON_LITERAL_NULL_CONVERSION = YES;
				CLANG_WARN_OBJC_IMPLICIT_RETAIN_SELF = YES;
				CLANG_WARN_OBJC_LITERAL_CONVERSION = YES;
				CLANG_WARN_OBJC_ROOT_CLASS = YES_ERROR;
				CLANG_WARN_QUOTED_INCLUDE_IN_FRAMEWORK_HEADER = YES;
				CLANG_WARN_RANGE_LOOP_ANALYSIS = YES;
				CLANG_WARN_STRICT_PROTOTYPES = YES;
				CLANG_WARN_SUSPICIOUS_MOVE = YES;
				CLANG_WARN_UNGUARDED_AVAILABILITY = YES_AGGRESSIVE;
				CLANG_WARN_UNREACHABLE_CODE = YES;
				CLANG_WARN__DUPLICATE_METHOD_MATCH = YES;
				COPY_PHASE_STRIP = NO;
				DEBUG_INFORMATION_FORMAT = "dwarf-with-dsym";
				ENABLE_NS_ASSERTIONS = NO;
				ENABLE_STRICT_OBJC_MSGSEND = YES;
				GCC_C_LANGUAGE_STANDARD = gnu11;
				GCC_NO_COMMON_BLOCKS = YES;
				GCC_WARN_64_TO_32_BIT_CONVERSION = YES;
				GCC_WARN_ABOUT_RETURN_TYPE = YES_ERROR;
				GCC_WARN_UNDECLARED_SELECTOR = YES;
				GCC_WARN_UNINITIALIZED_AUTOS = YES_AGGRESSIVE;
				GCC_WARN_UNUSED_FUNCTION = YES;
				GCC_WARN_UNUSED_VARIABLE = YES;
				IPHONEOS_DEPLOYMENT_TARGET = 14.5;
				MTL_ENABLE_DEBUG_INFO = NO;
				MTL_FAST_MATH = YES;
				SDKROOT = iphoneos;
				SWIFT_COMPILATION_MODE = wholemodule;
				SWIFT_OPTIMIZATION_LEVEL = "-O";
				VALIDATE_PRODUCT = YES;
			};
			name = Release;
		};
		F8CA488F26AD297E005F5F19 /* Debug */ = {
			isa = XCBuildConfiguration;
			buildSettings = {
				ASSETCATALOG_COMPILER_APPICON_NAME = AppIcon;
				ASSETCATALOG_COMPILER_GLOBAL_ACCENT_COLOR_NAME = AccentColor;
				CODE_SIGN_STYLE = Automatic;
				DEVELOPMENT_ASSET_PATHS = "\"Blity/Preview Content\"";
				DEVELOPMENT_TEAM = DW4ZNXNDJB;
				ENABLE_PREVIEWS = YES;
				INFOPLIST_FILE = Blity/Info.plist;
				IPHONEOS_DEPLOYMENT_TARGET = 14.0;
				LD_RUNPATH_SEARCH_PATHS = (
					"$(inherited)",
					"@executable_path/Frameworks",
				);
				PRODUCT_BUNDLE_IDENTIFIER = immersia.com.au.Blity;
				PRODUCT_NAME = "$(TARGET_NAME)";
				SWIFT_VERSION = 5.0;
				TARGETED_DEVICE_FAMILY = "1,2";
			};
			name = Debug;
		};
		F8CA489026AD297E005F5F19 /* Release */ = {
			isa = XCBuildConfiguration;
			buildSettings = {
				ASSETCATALOG_COMPILER_APPICON_NAME = AppIcon;
				ASSETCATALOG_COMPILER_GLOBAL_ACCENT_COLOR_NAME = AccentColor;
				CODE_SIGN_STYLE = Automatic;
				DEVELOPMENT_ASSET_PATHS = "\"Blity/Preview Content\"";
				DEVELOPMENT_TEAM = DW4ZNXNDJB;
				ENABLE_PREVIEWS = YES;
				INFOPLIST_FILE = Blity/Info.plist;
				IPHONEOS_DEPLOYMENT_TARGET = 14.0;
				LD_RUNPATH_SEARCH_PATHS = (
					"$(inherited)",
					"@executable_path/Frameworks",
				);
				PRODUCT_BUNDLE_IDENTIFIER = immersia.com.au.Blity;
				PRODUCT_NAME = "$(TARGET_NAME)";
				SWIFT_VERSION = 5.0;
				TARGETED_DEVICE_FAMILY = "1,2";
			};
			name = Release;
		};
		F8CA489226AD297E005F5F19 /* Debug */ = {
			isa = XCBuildConfiguration;
			buildSettings = {
				ALWAYS_EMBED_SWIFT_STANDARD_LIBRARIES = YES;
				BUNDLE_LOADER = "$(TEST_HOST)";
				CODE_SIGN_STYLE = Automatic;
				DEVELOPMENT_TEAM = DW4ZNXNDJB;
				INFOPLIST_FILE = BlityTests/Info.plist;
				IPHONEOS_DEPLOYMENT_TARGET = 14.0;
				LD_RUNPATH_SEARCH_PATHS = (
					"$(inherited)",
					"@executable_path/Frameworks",
					"@loader_path/Frameworks",
				);
				PRODUCT_BUNDLE_IDENTIFIER = immersia.com.au.BlityTests;
				PRODUCT_NAME = "$(TARGET_NAME)";
				SWIFT_VERSION = 5.0;
				TARGETED_DEVICE_FAMILY = "1,2";
				TEST_HOST = "$(BUILT_PRODUCTS_DIR)/Blity.app/Blity";
			};
			name = Debug;
		};
		F8CA489326AD297E005F5F19 /* Release */ = {
			isa = XCBuildConfiguration;
			buildSettings = {
				ALWAYS_EMBED_SWIFT_STANDARD_LIBRARIES = YES;
				BUNDLE_LOADER = "$(TEST_HOST)";
				CODE_SIGN_STYLE = Automatic;
				DEVELOPMENT_TEAM = DW4ZNXNDJB;
				INFOPLIST_FILE = BlityTests/Info.plist;
				IPHONEOS_DEPLOYMENT_TARGET = 14.0;
				LD_RUNPATH_SEARCH_PATHS = (
					"$(inherited)",
					"@executable_path/Frameworks",
					"@loader_path/Frameworks",
				);
				PRODUCT_BUNDLE_IDENTIFIER = immersia.com.au.BlityTests;
				PRODUCT_NAME = "$(TARGET_NAME)";
				SWIFT_VERSION = 5.0;
				TARGETED_DEVICE_FAMILY = "1,2";
				TEST_HOST = "$(BUILT_PRODUCTS_DIR)/Blity.app/Blity";
			};
			name = Release;
		};
		F8CA489526AD297E005F5F19 /* Debug */ = {
			isa = XCBuildConfiguration;
			buildSettings = {
				ALWAYS_EMBED_SWIFT_STANDARD_LIBRARIES = YES;
				CODE_SIGN_STYLE = Automatic;
				DEVELOPMENT_TEAM = DW4ZNXNDJB;
				INFOPLIST_FILE = BlityUITests/Info.plist;
				LD_RUNPATH_SEARCH_PATHS = (
					"$(inherited)",
					"@executable_path/Frameworks",
					"@loader_path/Frameworks",
				);
				PRODUCT_BUNDLE_IDENTIFIER = immersia.com.au.BlityUITests;
				PRODUCT_NAME = "$(TARGET_NAME)";
				SWIFT_VERSION = 5.0;
				TARGETED_DEVICE_FAMILY = "1,2";
				TEST_TARGET_NAME = Blity;
			};
			name = Debug;
		};
		F8CA489626AD297E005F5F19 /* Release */ = {
			isa = XCBuildConfiguration;
			buildSettings = {
				ALWAYS_EMBED_SWIFT_STANDARD_LIBRARIES = YES;
				CODE_SIGN_STYLE = Automatic;
				DEVELOPMENT_TEAM = DW4ZNXNDJB;
				INFOPLIST_FILE = BlityUITests/Info.plist;
				LD_RUNPATH_SEARCH_PATHS = (
					"$(inherited)",
					"@executable_path/Frameworks",
					"@loader_path/Frameworks",
				);
				PRODUCT_BUNDLE_IDENTIFIER = immersia.com.au.BlityUITests;
				PRODUCT_NAME = "$(TARGET_NAME)";
				SWIFT_VERSION = 5.0;
				TARGETED_DEVICE_FAMILY = "1,2";
				TEST_TARGET_NAME = Blity;
			};
			name = Release;
		};
/* End XCBuildConfiguration section */

/* Begin XCConfigurationList section */
		F8CA486426AD297D005F5F19 /* Build configuration list for PBXProject "Blity" */ = {
			isa = XCConfigurationList;
			buildConfigurations = (
				F8CA488C26AD297E005F5F19 /* Debug */,
				F8CA488D26AD297E005F5F19 /* Release */,
			);
			defaultConfigurationIsVisible = 0;
			defaultConfigurationName = Release;
		};
		F8CA488E26AD297E005F5F19 /* Build configuration list for PBXNativeTarget "Blity" */ = {
			isa = XCConfigurationList;
			buildConfigurations = (
				F8CA488F26AD297E005F5F19 /* Debug */,
				F8CA489026AD297E005F5F19 /* Release */,
			);
			defaultConfigurationIsVisible = 0;
			defaultConfigurationName = Release;
		};
		F8CA489126AD297E005F5F19 /* Build configuration list for PBXNativeTarget "BlityTests" */ = {
			isa = XCConfigurationList;
			buildConfigurations = (
				F8CA489226AD297E005F5F19 /* Debug */,
				F8CA489326AD297E005F5F19 /* Release */,
			);
			defaultConfigurationIsVisible = 0;
			defaultConfigurationName = Release;
		};
		F8CA489426AD297E005F5F19 /* Build configuration list for PBXNativeTarget "BlityUITests" */ = {
			isa = XCConfigurationList;
			buildConfigurations = (
				F8CA489526AD297E005F5F19 /* Debug */,
				F8CA489626AD297E005F5F19 /* Release */,
			);
			defaultConfigurationIsVisible = 0;
			defaultConfigurationName = Release;
		};
/* End XCConfigurationList section */

/* Begin XCRemoteSwiftPackageReference section */
		F8ED5C6126B23C8700D46720 /* XCRemoteSwiftPackageReference "realm-cocoa" */ = {
			isa = XCRemoteSwiftPackageReference;
			repositoryURL = "https://github.com/realm/realm-cocoa";
			requirement = {
				kind = upToNextMajorVersion;
				minimumVersion = 10.11.0;
			};
		};
/* End XCRemoteSwiftPackageReference section */

/* Begin XCSwiftPackageProductDependency section */
		F8ED5C6226B23C8700D46720 /* Realm */ = {
			isa = XCSwiftPackageProductDependency;
			package = F8ED5C6126B23C8700D46720 /* XCRemoteSwiftPackageReference "realm-cocoa" */;
			productName = Realm;
		};
		F8ED5C6426B23C8700D46720 /* RealmSwift */ = {
			isa = XCSwiftPackageProductDependency;
			package = F8ED5C6126B23C8700D46720 /* XCRemoteSwiftPackageReference "realm-cocoa" */;
			productName = RealmSwift;
		};
/* End XCSwiftPackageProductDependency section */
	};
	rootObject = F8CA486126AD297D005F5F19 /* Project object */;
}
